
Microsoft Visual Studio Solution File, Format Version 12.00
# Visual Studio Version 16
VisualStudioVersion = 16.0.29806.167
MinimumVisualStudioVersion = 10.0.40219.1
Project("{FAE04EC0-301F-11D3-BF4B-00C04F79EFBC}") = "Inclass8", "Inclass8.csproj", "{FFC0D6C3-5F09-480D-9F6E-38020B24809B}"
EndProject
Global
	GlobalSection(SolutionConfigurationPlatforms) = preSolution
		Debug|Any CPU = Debug|Any CPU
		Release|Any CPU = Release|Any CPU
	EndGlobalSection
	GlobalSection(ProjectConfigurationPlatforms) = postSolution
		{FFC0D6C3-5F09-480D-9F6E-38020B24809B}.Debug|Any CPU.ActiveCfg = Debug|Any CPU
		{FFC0D6C3-5F09-480D-9F6E-38020B24809B}.Debug|Any CPU.Build.0 = Debug|Any CPU
		{FFC0D6C3-5F09-480D-9F6E-38020B24809B}.Release|Any CPU.ActiveCfg = Release|Any CPU
		{FFC0D6C3-5F09-480D-9F6E-38020B24809B}.Release|Any CPU.Build.0 = Release|Any CPU
	EndGlobalSection
	GlobalSection(SolutionProperties) = preSolution
		HideSolutionNode = FALSE
	EndGlobalSection
	GlobalSection(ExtensibilityGlobals) = postSolution
		SolutionGuid = {1DC8BFCF-A865-4B3B-AFD9-BD9216E0C9A1}
	EndGlobalSection
EndGlobal
